
Microsoft Visual Studio Solution File, Format Version 12.00
# Visual Studio Version 17
VisualStudioVersion = 17.14.36511.14
MinimumVisualStudioVersion = 10.0.40219.1
Project("{2150E333-8FDC-42A3-9474-1A3956D46DE8}") = "Task0", "Task0", "{02EA681E-C7D8-13C7-8484-4AC65E1B71E8}"
EndProject
Project("{FAE04EC0-301F-11D3-BF4B-00C04F79EFBC}") = "Tyuiu.PyrkinAA.Sprint0.Task0.V0", "Tyuiu.PyrkinAA.Sprint0.Task0.V0\Tyuiu.PyrkinAA.Sprint0.Task0.V0.csproj", "{760161EC-7DFC-4C84-B4C9-6B458F112C35}"
EndProject
Project("{2150E333-8FDC-42A3-9474-1A3956D46DE8}") = "Task1", "Task1", "{89793427-4E28-4123-BDA5-90EA2338CD3E}"
EndProject
Project("{FAE04EC0-301F-11D3-BF4B-00C04F79EFBC}") = "Tyuiu.PyrkinAA.Sprint0.Task1.V0", "Tyuiu.PyrkinAA.Sprint0.Task1.V0\Tyuiu.PyrkinAA.Sprint0.Task1.V0.csproj", "{8099C347-A425-49CC-8465-7A57B437A14A}"
EndProject
Project("{2150E333-8FDC-42A3-9474-1A3956D46DE8}") = "Task2", "Task2", "{B58CF36B-5E65-4692-A296-0427063EC40A}"
EndProject
Project("{FAE04EC0-301F-11D3-BF4B-00C04F79EFBC}") = "Tyuiu.PyrkinAA.Sprint0.Task2.V0", "Tyuiu.PyrkinAA.Sprint0.Task2.V0\Tyuiu.PyrkinAA.Sprint0.Task2.V0.csproj", "{96DCE6C1-E262-4E00-9253-50D9425EE971}"
EndProject
Project("{FAE04EC0-301F-11D3-BF4B-00C04F79EFBC}") = "Tyuiu.PyrkinAA.Sprint0.Task2.V0.Lib", "Tyuiu.PyrkinAA.Sprint0.Task2.V0.Lib\Tyuiu.PyrkinAA.Sprint0.Task2.V0.Lib.csproj", "{0FCCE97C-0924-40F8-8441-F2499EFBD8B9}"
EndProject
Project("{FAE04EC0-301F-11D3-BF4B-00C04F79EFBC}") = "Tyuiu.PyrkinAA.Sprint0.Task2.V0.Test", "Tyuiu.PyrkinAA.Sprint0.Task2.V0.Test\Tyuiu.PyrkinAA.Sprint0.Task2.V0.Test.csproj", "{96748D6C-CB70-4438-9F72-6E00CF4CF0A0}"
EndProject
Project("{2150E333-8FDC-42A3-9474-1A3956D46DE8}") = "Task3", "Task3", "{F759907E-6C79-4415-8C40-6A0EBD604A67}"
EndProject
Project("{FAE04EC0-301F-11D3-BF4B-00C04F79EFBC}") = "Tyuiu.PyrkinAA.Sprint0.Task3.V0", "Tyuiu.PyrkinAA.Sprint0.Task3.V0\Tyuiu.PyrkinAA.Sprint0.Task3.V0.csproj", "{CDFFD99E-DD4D-46CA-941F-0E377A5E1565}"
EndProject
Project("{FAE04EC0-301F-11D3-BF4B-00C04F79EFBC}") = "Tyuiu.PyrkinAA.Sprint0.Task3.V0.Lib", "Tyuiu.PyrkinAA.Sprint0.Task3.V0.Lib\Tyuiu.PyrkinAA.Sprint0.Task3.V0.Lib.csproj", "{0E02E29D-02B7-410C-840C-1E0FD216723D}"
EndProject
Project("{FAE04EC0-301F-11D3-BF4B-00C04F79EFBC}") = "Tyuiu.PyrkinAA.Sprint0.Task3.V0.Test", "Tyuiu.PyrkinAA.Sprint0.Task3.V0.Test\Tyuiu.PyrkinAA.Sprint0.Task3.V0.Test.csproj", "{F13700A3-D709-46EA-9A08-4183F962CFB8}"
EndProject
Project("{2150E333-8FDC-42A3-9474-1A3956D46DE8}") = "Task4", "Task4", "{4606B121-F199-4835-81F4-A3B50407B738}"
EndProject
Project("{FAE04EC0-301F-11D3-BF4B-00C04F79EFBC}") = "Tyuiu.PyrkinAA.Sprint0.Task4.V0", "Tyuiu.PyrkinAA.Sprint0.Task4.V0\Tyuiu.PyrkinAA.Sprint0.Task4.V0.csproj", "{89C130D4-AA2D-4A9B-B2E9-92D68888F897}"
EndProject
Project("{FAE04EC0-301F-11D3-BF4B-00C04F79EFBC}") = "Tyuiu.PyrkinAA.Sprint0.Task4.V0.Lib", "Tyuiu.PyrkinAA.Sprint0.Task4.V0.Lib\Tyuiu.PyrkinAA.Sprint0.Task4.V0.Lib.csproj", "{D13F37AE-1E3E-4B89-82F8-808D7B9FDD50}"
EndProject
Project("{FAE04EC0-301F-11D3-BF4B-00C04F79EFBC}") = "Tyuiu.PyrkinAA.Sprint0.Task4.V0.Test", "Tyuiu.PyrkinAA.Sprint0.Task4.V0.Test\Tyuiu.PyrkinAA.Sprint0.Task4.V0.Test.csproj", "{D0A83815-7870-4457-A8F3-3FF60AD9FBC1}"
EndProject
Project("{2150E333-8FDC-42A3-9474-1A3956D46DE8}") = "Task5", "Task5", "{289AEE04-6151-4F31-B264-606837F53215}"
EndProject
Project("{FAE04EC0-301F-11D3-BF4B-00C04F79EFBC}") = "Tyuiu.PyrkinAA.Sprint0.Task5.V0", "Tyuiu.PyrkinAA.Sprint0.Task5.V0\Tyuiu.PyrkinAA.Sprint0.Task5.V0.csproj", "{E1E83CA7-C9EC-4321-8A7E-29C64D8A8C40}"
EndProject
Project("{FAE04EC0-301F-11D3-BF4B-00C04F79EFBC}") = "Tyuiu.PyrkinAA.Sprint0.Task5.V0.Lib", "Tyuiu.PyrkinAA.Sprint0.Task5.V0.Lib\Tyuiu.PyrkinAA.Sprint0.Task5.V0.Lib.csproj", "{A5313D5D-4A1E-4E3F-AAAD-CED9297B6ECF}"
EndProject
Project("{FAE04EC0-301F-11D3-BF4B-00C04F79EFBC}") = "Tyuiu.PyrkinAA.Sprint0.Task5.V0.Test", "Tyuiu.PyrkinAA.Sprint0.Task5.V0.Test\Tyuiu.PyrkinAA.Sprint0.Task5.V0.Test.csproj", "{F3F7CAE4-9078-44A7-9D08-0B82EB768FF6}"
EndProject
Project("{2150E333-8FDC-42A3-9474-1A3956D46DE8}") = "Task 6", "Task 6", "{848AF0DF-9304-4869-B597-F75401C39B4C}"
EndProject
Project("{2150E333-8FDC-42A3-9474-1A3956D46DE8}") = "Task6", "Task6", "{F5C22007-0100-4EA7-A68C-4F2F9A08BEF6}"
EndProject
Project("{FAE04EC0-301F-11D3-BF4B-00C04F79EFBC}") = "Tyuiu.PyrkinAA.Sprint0.Task6.V0", "Tyuiu.PyrkinAA.Sprint0.Task6.V0\Tyuiu.PyrkinAA.Sprint0.Task6.V0.csproj", "{26BFE1EF-656D-419D-AA7D-09B89B12B868}"
EndProject
Project("{FAE04EC0-301F-11D3-BF4B-00C04F79EFBC}") = "Tyuiu.PyrkinAA.Sprint0.Task6.V0.Lib", "Tyuiu.PyrkinAA.Sprint0.Task6.V0.Lib\Tyuiu.PyrkinAA.Sprint0.Task6.V0.Lib.csproj", "{7D9D1E7D-8816-4651-9AE1-6993C0DC7A52}"
EndProject
Project("{FAE04EC0-301F-11D3-BF4B-00C04F79EFBC}") = "Tyuiu.PyrkinAA.Sprint0.Task6.V0.Test", "Tyuiu.PyrkinAA.Sprint0.Task6.V0.Test\Tyuiu.PyrkinAA.Sprint0.Task6.V0.Test.csproj", "{DE65A3A8-EB5A-4741-85C0-AB833F1AA68B}"
EndProject
Global
	GlobalSection(SolutionConfigurationPlatforms) = preSolution
		Debug|Any CPU = Debug|Any CPU
		Release|Any CPU = Release|Any CPU
	EndGlobalSection
	GlobalSection(ProjectConfigurationPlatforms) = postSolution
		{760161EC-7DFC-4C84-B4C9-6B458F112C35}.Debug|Any CPU.ActiveCfg = Debug|Any CPU
		{760161EC-7DFC-4C84-B4C9-6B458F112C35}.Debug|Any CPU.Build.0 = Debug|Any CPU
		{760161EC-7DFC-4C84-B4C9-6B458F112C35}.Release|Any CPU.ActiveCfg = Release|Any CPU
		{760161EC-7DFC-4C84-B4C9-6B458F112C35}.Release|Any CPU.Build.0 = Release|Any CPU
		{8099C347-A425-49CC-8465-7A57B437A14A}.Debug|Any CPU.ActiveCfg = Debug|Any CPU
		{8099C347-A425-49CC-8465-7A57B437A14A}.Debug|Any CPU.Build.0 = Debug|Any CPU
		{8099C347-A425-49CC-8465-7A57B437A14A}.Release|Any CPU.ActiveCfg = Release|Any CPU
		{8099C347-A425-49CC-8465-7A57B437A14A}.Release|Any CPU.Build.0 = Release|Any CPU
		{96DCE6C1-E262-4E00-9253-50D9425EE971}.Debug|Any CPU.ActiveCfg = Debug|Any CPU
		{96DCE6C1-E262-4E00-9253-50D9425EE971}.Debug|Any CPU.Build.0 = Debug|Any CPU
		{96DCE6C1-E262-4E00-9253-50D9425EE971}.Release|Any CPU.ActiveCfg = Release|Any CPU
		{96DCE6C1-E262-4E00-9253-50D9425EE971}.Release|Any CPU.Build.0 = Release|Any CPU
		{0FCCE97C-0924-40F8-8441-F2499EFBD8B9}.Debug|Any CPU.ActiveCfg = Debug|Any CPU
		{0FCCE97C-0924-40F8-8441-F2499EFBD8B9}.Debug|Any CPU.Build.0 = Debug|Any CPU
		{0FCCE97C-0924-40F8-8441-F2499EFBD8B9}.Release|Any CPU.ActiveCfg = Release|Any CPU
		{0FCCE97C-0924-40F8-8441-F2499EFBD8B9}.Release|Any CPU.Build.0 = Release|Any CPU
		{96748D6C-CB70-4438-9F72-6E00CF4CF0A0}.Debug|Any CPU.ActiveCfg = Debug|Any CPU
		{96748D6C-CB70-4438-9F72-6E00CF4CF0A0}.Debug|Any CPU.Build.0 = Debug|Any CPU
		{96748D6C-CB70-4438-9F72-6E00CF4CF0A0}.Release|Any CPU.ActiveCfg = Release|Any CPU
		{96748D6C-CB70-4438-9F72-6E00CF4CF0A0}.Release|Any CPU.Build.0 = Release|Any CPU
		{CDFFD99E-DD4D-46CA-941F-0E377A5E1565}.Debug|Any CPU.ActiveCfg = Debug|Any CPU
		{CDFFD99E-DD4D-46CA-941F-0E377A5E1565}.Debug|Any CPU.Build.0 = Debug|Any CPU
		{CDFFD99E-DD4D-46CA-941F-0E377A5E1565}.Release|Any CPU.ActiveCfg = Release|Any CPU
		{CDFFD99E-DD4D-46CA-941F-0E377A5E1565}.Release|Any CPU.Build.0 = Release|Any CPU
		{0E02E29D-02B7-410C-840C-1E0FD216723D}.Debug|Any CPU.ActiveCfg = Debug|Any CPU
		{0E02E29D-02B7-410C-840C-1E0FD216723D}.Debug|Any CPU.Build.0 = Debug|Any CPU
		{0E02E29D-02B7-410C-840C-1E0FD216723D}.Release|Any CPU.ActiveCfg = Release|Any CPU
		{0E02E29D-02B7-410C-840C-1E0FD216723D}.Release|Any CPU.Build.0 = Release|Any CPU
		{F13700A3-D709-46EA-9A08-4183F962CFB8}.Debug|Any CPU.ActiveCfg = Debug|Any CPU
		{F13700A3-D709-46EA-9A08-4183F962CFB8}.Debug|Any CPU.Build.0 = Debug|Any CPU
		{F13700A3-D709-46EA-9A08-4183F962CFB8}.Release|Any CPU.ActiveCfg = Release|Any CPU
		{F13700A3-D709-46EA-9A08-4183F962CFB8}.Release|Any CPU.Build.0 = Release|Any CPU
		{89C130D4-AA2D-4A9B-B2E9-92D68888F897}.Debug|Any CPU.ActiveCfg = Debug|Any CPU
		{89C130D4-AA2D-4A9B-B2E9-92D68888F897}.Debug|Any CPU.Build.0 = Debug|Any CPU
		{89C130D4-AA2D-4A9B-B2E9-92D68888F897}.Release|Any CPU.ActiveCfg = Release|Any CPU
		{89C130D4-AA2D-4A9B-B2E9-92D68888F897}.Release|Any CPU.Build.0 = Release|Any CPU
		{D13F37AE-1E3E-4B89-82F8-808D7B9FDD50}.Debug|Any CPU.ActiveCfg = Debug|Any CPU
		{D13F37AE-1E3E-4B89-82F8-808D7B9FDD50}.Debug|Any CPU.Build.0 = Debug|Any CPU
		{D13F37AE-1E3E-4B89-82F8-808D7B9FDD50}.Release|Any CPU.ActiveCfg = Release|Any CPU
		{D13F37AE-1E3E-4B89-82F8-808D7B9FDD50}.Release|Any CPU.Build.0 = Release|Any CPU
		{D0A83815-7870-4457-A8F3-3FF60AD9FBC1}.Debug|Any CPU.ActiveCfg = Debug|Any CPU
		{D0A83815-7870-4457-A8F3-3FF60AD9FBC1}.Debug|Any CPU.Build.0 = Debug|Any CPU
		{D0A83815-7870-4457-A8F3-3FF60AD9FBC1}.Release|Any CPU.ActiveCfg = Release|Any CPU
		{D0A83815-7870-4457-A8F3-3FF60AD9FBC1}.Release|Any CPU.Build.0 = Release|Any CPU
		{E1E83CA7-C9EC-4321-8A7E-29C64D8A8C40}.Debug|Any CPU.ActiveCfg = Debug|Any CPU
		{E1E83CA7-C9EC-4321-8A7E-29C64D8A8C40}.Debug|Any CPU.Build.0 = Debug|Any CPU
		{E1E83CA7-C9EC-4321-8A7E-29C64D8A8C40}.Release|Any CPU.ActiveCfg = Release|Any CPU
		{E1E83CA7-C9EC-4321-8A7E-29C64D8A8C40}.Release|Any CPU.Build.0 = Release|Any CPU
		{A5313D5D-4A1E-4E3F-AAAD-CED9297B6ECF}.Debug|Any CPU.ActiveCfg = Debug|Any CPU
		{A5313D5D-4A1E-4E3F-AAAD-CED9297B6ECF}.Debug|Any CPU.Build.0 = Debug|Any CPU
		{A5313D5D-4A1E-4E3F-AAAD-CED9297B6ECF}.Release|Any CPU.ActiveCfg = Release|Any CPU
		{A5313D5D-4A1E-4E3F-AAAD-CED9297B6ECF}.Release|Any CPU.Build.0 = Release|Any CPU
		{F3F7CAE4-9078-44A7-9D08-0B82EB768FF6}.Debug|Any CPU.ActiveCfg = Debug|Any CPU
		{F3F7CAE4-9078-44A7-9D08-0B82EB768FF6}.Debug|Any CPU.Build.0 = Debug|Any CPU
		{F3F7CAE4-9078-44A7-9D08-0B82EB768FF6}.Release|Any CPU.ActiveCfg = Release|Any CPU
		{F3F7CAE4-9078-44A7-9D08-0B82EB768FF6}.Release|Any CPU.Build.0 = Release|Any CPU
		{26BFE1EF-656D-419D-AA7D-09B89B12B868}.Debug|Any CPU.ActiveCfg = Debug|Any CPU
		{26BFE1EF-656D-419D-AA7D-09B89B12B868}.Debug|Any CPU.Build.0 = Debug|Any CPU
		{26BFE1EF-656D-419D-AA7D-09B89B12B868}.Release|Any CPU.ActiveCfg = Release|Any CPU
		{26BFE1EF-656D-419D-AA7D-09B89B12B868}.Release|Any CPU.Build.0 = Release|Any CPU
		{7D9D1E7D-8816-4651-9AE1-6993C0DC7A52}.Debug|Any CPU.ActiveCfg = Debug|Any CPU
		{7D9D1E7D-8816-4651-9AE1-6993C0DC7A52}.Debug|Any CPU.Build.0 = Debug|Any CPU
		{7D9D1E7D-8816-4651-9AE1-6993C0DC7A52}.Release|Any CPU.ActiveCfg = Release|Any CPU
		{7D9D1E7D-8816-4651-9AE1-6993C0DC7A52}.Release|Any CPU.Build.0 = Release|Any CPU
		{DE65A3A8-EB5A-4741-85C0-AB833F1AA68B}.Debug|Any CPU.ActiveCfg = Debug|Any CPU
		{DE65A3A8-EB5A-4741-85C0-AB833F1AA68B}.Debug|Any CPU.Build.0 = Debug|Any CPU
		{DE65A3A8-EB5A-4741-85C0-AB833F1AA68B}.Release|Any CPU.ActiveCfg = Release|Any CPU
		{DE65A3A8-EB5A-4741-85C0-AB833F1AA68B}.Release|Any CPU.Build.0 = Release|Any CPU
	EndGlobalSection
	GlobalSection(SolutionProperties) = preSolution
		HideSolutionNode = FALSE
	EndGlobalSection
	GlobalSection(NestedProjects) = preSolution
		{760161EC-7DFC-4C84-B4C9-6B458F112C35} = {02EA681E-C7D8-13C7-8484-4AC65E1B71E8}
		{8099C347-A425-49CC-8465-7A57B437A14A} = {89793427-4E28-4123-BDA5-90EA2338CD3E}
		{96DCE6C1-E262-4E00-9253-50D9425EE971} = {B58CF36B-5E65-4692-A296-0427063EC40A}
		{0FCCE97C-0924-40F8-8441-F2499EFBD8B9} = {B58CF36B-5E65-4692-A296-0427063EC40A}
		{96748D6C-CB70-4438-9F72-6E00CF4CF0A0} = {B58CF36B-5E65-4692-A296-0427063EC40A}
		{CDFFD99E-DD4D-46CA-941F-0E377A5E1565} = {F759907E-6C79-4415-8C40-6A0EBD604A67}
		{0E02E29D-02B7-410C-840C-1E0FD216723D} = {F759907E-6C79-4415-8C40-6A0EBD604A67}
		{F13700A3-D709-46EA-9A08-4183F962CFB8} = {F759907E-6C79-4415-8C40-6A0EBD604A67}
		{89C130D4-AA2D-4A9B-B2E9-92D68888F897} = {4606B121-F199-4835-81F4-A3B50407B738}
		{D13F37AE-1E3E-4B89-82F8-808D7B9FDD50} = {4606B121-F199-4835-81F4-A3B50407B738}
		{D0A83815-7870-4457-A8F3-3FF60AD9FBC1} = {4606B121-F199-4835-81F4-A3B50407B738}
		{E1E83CA7-C9EC-4321-8A7E-29C64D8A8C40} = {289AEE04-6151-4F31-B264-606837F53215}
		{A5313D5D-4A1E-4E3F-AAAD-CED9297B6ECF} = {289AEE04-6151-4F31-B264-606837F53215}
		{F3F7CAE4-9078-44A7-9D08-0B82EB768FF6} = {289AEE04-6151-4F31-B264-606837F53215}
		{848AF0DF-9304-4869-B597-F75401C39B4C} = {4606B121-F199-4835-81F4-A3B50407B738}
		{26BFE1EF-656D-419D-AA7D-09B89B12B868} = {F5C22007-0100-4EA7-A68C-4F2F9A08BEF6}
		{7D9D1E7D-8816-4651-9AE1-6993C0DC7A52} = {F5C22007-0100-4EA7-A68C-4F2F9A08BEF6}
		{DE65A3A8-EB5A-4741-85C0-AB833F1AA68B} = {F5C22007-0100-4EA7-A68C-4F2F9A08BEF6}
	EndGlobalSection
	GlobalSection(ExtensibilityGlobals) = postSolution
		SolutionGuid = {12DE98BC-71F0-4222-AB89-6D0F81CDC2AA}
	EndGlobalSection
EndGlobal
