
Microsoft Visual Studio Solution File, Format Version 12.00
# Visual Studio Version 17
VisualStudioVersion = 17.14.36511.14
MinimumVisualStudioVersion = 10.0.40219.1
Project("{2150E333-8FDC-42A3-9474-1A3956D46DE8}") = "Task 0", "Task 0", "{02EA681E-C7D8-13C7-8484-4AC65E1B71E8}"
EndProject
Project("{FAE04EC0-301F-11D3-BF4B-00C04F79EFBC}") = "Tyuiu.PyrkinAA.Sprint0.Task0.V0", "Tyuiu.PyrkinAA.Sprint0.Task0.V0\Tyuiu.PyrkinAA.Sprint0.Task0.V0.csproj", "{7D2294A3-D323-4865-AC22-5DDE6959F176}"
EndProject
Project("{2150E333-8FDC-42A3-9474-1A3956D46DE8}") = "Task 1", "Task 1", "{FF119E57-9360-44D2-A1E0-7B72A36C61CA}"
EndProject
Project("{FAE04EC0-301F-11D3-BF4B-00C04F79EFBC}") = "Tyuiu.PyrkinAA.Sprint0.Task1.V0", "Tyuiu.PyrkinAA.Sprint0.Task1.V0\Tyuiu.PyrkinAA.Sprint0.Task1.V0.csproj", "{8ED42E4A-6A9E-4F90-90C8-124426231B76}"
EndProject
Project("{2150E333-8FDC-42A3-9474-1A3956D46DE8}") = "Task 2", "Task 2", "{53524B85-9F7A-4804-B7DA-3662B8F7FB92}"
EndProject
Project("{FAE04EC0-301F-11D3-BF4B-00C04F79EFBC}") = "Tyuiu.PyrkinAA.Sprint0.Task2.V0", "Tyuiu.PyrkinAA.Sprint0.Task2.V0\Tyuiu.PyrkinAA.Sprint0.Task2.V0.csproj", "{A7455BDC-A609-48D0-BEE1-33DBDC8371EB}"
EndProject
Project("{FAE04EC0-301F-11D3-BF4B-00C04F79EFBC}") = "Tyuiu.PyrkinAA.Sprint0.Task2.V0.Lib", "Tyuiu.PyrkinAA.Sprint0.Task2.V0.Lib\Tyuiu.PyrkinAA.Sprint0.Task2.V0.Lib.csproj", "{CB0D7E72-141B-4A50-A4B9-4A5284BA60FA}"
EndProject
Project("{FAE04EC0-301F-11D3-BF4B-00C04F79EFBC}") = "Tyuiu.PyrkinAA.Sprint0.Task2.V0.Test", "Tyuiu.PyrkinAA.Sprint0.Task2.V0.Test\Tyuiu.PyrkinAA.Sprint0.Task2.V0.Test.csproj", "{5ADC9BDE-70CE-494F-8230-C9302C724698}"
EndProject
Project("{2150E333-8FDC-42A3-9474-1A3956D46DE8}") = "Task3", "Task3", "{2EEA7456-4C16-47DB-B45B-831F8B3CDEAB}"
EndProject
Project("{FAE04EC0-301F-11D3-BF4B-00C04F79EFBC}") = "Tyuiu.PyrkinAA.Sprint0.Task3.V0.Test", "Tyuiu.PyrkinAA.Sprint0.Task3.V0.Test\Tyuiu.PyrkinAA.Sprint0.Task3.V0.Test.csproj", "{31C62DBF-8C0C-4505-848B-AE37783857B1}"
EndProject
Project("{FAE04EC0-301F-11D3-BF4B-00C04F79EFBC}") = "Tyuiu.PyrkinAA.Sprint0.Task3.V0.Lib", "Tyuiu.PyrkinAA.Sprint0.Task3.V0.Lib\Tyuiu.PyrkinAA.Sprint0.Task3.V0.Lib.csproj", "{3F6863C9-05B4-4737-BC64-F9173BB7CB1E}"
EndProject
Project("{FAE04EC0-301F-11D3-BF4B-00C04F79EFBC}") = "Tyuiu.PyrkinAA.Sprint0.Task3.V0", "Tyuiu.PyrkinAA.Sprint0.Task3.V0\Tyuiu.PyrkinAA.Sprint0.Task3.V0.csproj", "{B5A19B50-33FE-423B-8962-29A39E5141B9}"
EndProject
Global
	GlobalSection(SolutionConfigurationPlatforms) = preSolution
		Debug|Any CPU = Debug|Any CPU
		Release|Any CPU = Release|Any CPU
	EndGlobalSection
	GlobalSection(ProjectConfigurationPlatforms) = postSolution
		{7D2294A3-D323-4865-AC22-5DDE6959F176}.Debug|Any CPU.ActiveCfg = Debug|Any CPU
		{7D2294A3-D323-4865-AC22-5DDE6959F176}.Debug|Any CPU.Build.0 = Debug|Any CPU
		{7D2294A3-D323-4865-AC22-5DDE6959F176}.Release|Any CPU.ActiveCfg = Release|Any CPU
		{7D2294A3-D323-4865-AC22-5DDE6959F176}.Release|Any CPU.Build.0 = Release|Any CPU
		{8ED42E4A-6A9E-4F90-90C8-124426231B76}.Debug|Any CPU.ActiveCfg = Debug|Any CPU
		{8ED42E4A-6A9E-4F90-90C8-124426231B76}.Debug|Any CPU.Build.0 = Debug|Any CPU
		{8ED42E4A-6A9E-4F90-90C8-124426231B76}.Release|Any CPU.ActiveCfg = Release|Any CPU
		{8ED42E4A-6A9E-4F90-90C8-124426231B76}.Release|Any CPU.Build.0 = Release|Any CPU
		{A7455BDC-A609-48D0-BEE1-33DBDC8371EB}.Debug|Any CPU.ActiveCfg = Debug|Any CPU
		{A7455BDC-A609-48D0-BEE1-33DBDC8371EB}.Debug|Any CPU.Build.0 = Debug|Any CPU
		{A7455BDC-A609-48D0-BEE1-33DBDC8371EB}.Release|Any CPU.ActiveCfg = Release|Any CPU
		{A7455BDC-A609-48D0-BEE1-33DBDC8371EB}.Release|Any CPU.Build.0 = Release|Any CPU
		{CB0D7E72-141B-4A50-A4B9-4A5284BA60FA}.Debug|Any CPU.ActiveCfg = Debug|Any CPU
		{CB0D7E72-141B-4A50-A4B9-4A5284BA60FA}.Debug|Any CPU.Build.0 = Debug|Any CPU
		{CB0D7E72-141B-4A50-A4B9-4A5284BA60FA}.Release|Any CPU.ActiveCfg = Release|Any CPU
		{CB0D7E72-141B-4A50-A4B9-4A5284BA60FA}.Release|Any CPU.Build.0 = Release|Any CPU
		{5ADC9BDE-70CE-494F-8230-C9302C724698}.Debug|Any CPU.ActiveCfg = Debug|Any CPU
		{5ADC9BDE-70CE-494F-8230-C9302C724698}.Debug|Any CPU.Build.0 = Debug|Any CPU
		{5ADC9BDE-70CE-494F-8230-C9302C724698}.Release|Any CPU.ActiveCfg = Release|Any CPU
		{5ADC9BDE-70CE-494F-8230-C9302C724698}.Release|Any CPU.Build.0 = Release|Any CPU
		{31C62DBF-8C0C-4505-848B-AE37783857B1}.Debug|Any CPU.ActiveCfg = Debug|Any CPU
		{31C62DBF-8C0C-4505-848B-AE37783857B1}.Debug|Any CPU.Build.0 = Debug|Any CPU
		{31C62DBF-8C0C-4505-848B-AE37783857B1}.Release|Any CPU.ActiveCfg = Release|Any CPU
		{31C62DBF-8C0C-4505-848B-AE37783857B1}.Release|Any CPU.Build.0 = Release|Any CPU
		{3F6863C9-05B4-4737-BC64-F9173BB7CB1E}.Debug|Any CPU.ActiveCfg = Debug|Any CPU
		{3F6863C9-05B4-4737-BC64-F9173BB7CB1E}.Debug|Any CPU.Build.0 = Debug|Any CPU
		{3F6863C9-05B4-4737-BC64-F9173BB7CB1E}.Release|Any CPU.ActiveCfg = Release|Any CPU
		{3F6863C9-05B4-4737-BC64-F9173BB7CB1E}.Release|Any CPU.Build.0 = Release|Any CPU
		{B5A19B50-33FE-423B-8962-29A39E5141B9}.Debug|Any CPU.ActiveCfg = Debug|Any CPU
		{B5A19B50-33FE-423B-8962-29A39E5141B9}.Debug|Any CPU.Build.0 = Debug|Any CPU
		{B5A19B50-33FE-423B-8962-29A39E5141B9}.Release|Any CPU.ActiveCfg = Release|Any CPU
		{B5A19B50-33FE-423B-8962-29A39E5141B9}.Release|Any CPU.Build.0 = Release|Any CPU
	EndGlobalSection
	GlobalSection(SolutionProperties) = preSolution
		HideSolutionNode = FALSE
	EndGlobalSection
	GlobalSection(NestedProjects) = preSolution
		{7D2294A3-D323-4865-AC22-5DDE6959F176} = {02EA681E-C7D8-13C7-8484-4AC65E1B71E8}
		{8ED42E4A-6A9E-4F90-90C8-124426231B76} = {FF119E57-9360-44D2-A1E0-7B72A36C61CA}
		{A7455BDC-A609-48D0-BEE1-33DBDC8371EB} = {53524B85-9F7A-4804-B7DA-3662B8F7FB92}
		{CB0D7E72-141B-4A50-A4B9-4A5284BA60FA} = {53524B85-9F7A-4804-B7DA-3662B8F7FB92}
		{5ADC9BDE-70CE-494F-8230-C9302C724698} = {53524B85-9F7A-4804-B7DA-3662B8F7FB92}
		{31C62DBF-8C0C-4505-848B-AE37783857B1} = {2EEA7456-4C16-47DB-B45B-831F8B3CDEAB}
		{3F6863C9-05B4-4737-BC64-F9173BB7CB1E} = {2EEA7456-4C16-47DB-B45B-831F8B3CDEAB}
		{B5A19B50-33FE-423B-8962-29A39E5141B9} = {2EEA7456-4C16-47DB-B45B-831F8B3CDEAB}
	EndGlobalSection
	GlobalSection(ExtensibilityGlobals) = postSolution
		SolutionGuid = {8435D60E-64D0-4401-8B9E-7956EA48185D}
	EndGlobalSection
EndGlobal
